Microsoft Visual Studio Solution File, Format Version 12.00
# Visual Studio Version 18
VisualStudioVersion = 18.9.12023.133 insiders
MinimumVisualStudioVersion = 10.0.40219.1
Project("{2150E333-8FDC-42A3-9474-1A3956D46DE8}") = "Solution Items", "Solution Items", "{6079F369-D4A4-455C-B904-C8B19C4D98DD}"
	ProjectSection(SolutionItems) = preProject
		Directory.Build.props = Directory.Build.props
		global.json = global.json
	EndProjectSection
EndProject
Project("{FAE04EC0-301F-11D3-BF4B-00C04F79EFBC}") = "NSA_BPX", "NSA_BPX\NSA_BPX.csproj", "{69EAE578-D691-6577-D543-E8D38D5AEB11}"
EndProject
Project("{FAE04EC0-301F-11D3-BF4B-00C04F79EFBC}") = "NSA_BPX.UI", "NSA_BPX.UI\NSA_BPX.UI.csproj", "{B517515F-8FBA-E1F1-553F-F4BF45B3B626}"
EndProject
Project("{FAE04EC0-301F-11D3-BF4B-00C04F79EFBC}") = "NSA_BPX.Tests", "NSA_BPX.Tests\NSA_BPX.Tests.csproj", "{1954136D-0C97-17D3-8EE2-C45A02EEDECE}"
EndProject
Project("{FAE04EC0-301F-11D3-BF4B-00C04F79EFBC}") = "NSA_InSolutions", "NSA_InSolutions\NSA_InSolutions.csproj", "{25A2649F-97F1-E63E-39F3-95EAE3B89DE8}"
EndProject
Project("{FAE04EC0-301F-11D3-BF4B-00C04F79EFBC}") = "NSA_InSolutions.UI", "NSA_InSolutions.UI\NSA_InSolutions.UI.csproj", "{E6E27289-2E76-AD12-361A-D1F4520674B0}"
EndProject
Project("{FAE04EC0-301F-11D3-BF4B-00C04F79EFBC}") = "NSA_InSolutions.Tests", "NSA_InSolutions.Tests\NSA_InSolutions.Tests.csproj", "{B98D4176-77C0-CAAC-B161-DE312CCF6C53}"
EndProject
Project("{FAE04EC0-301F-11D3-BF4B-00C04F79EFBC}") = "NSA_DRIT", "NSA_DRIT\NSA_DRIT.csproj", "{21E740BD-82D6-10E1-6AEB-72531E167E8E}"
EndProject
Project("{FAE04EC0-301F-11D3-BF4B-00C04F79EFBC}") = "NSA_DRIT.Tests", "NSA_DRIT.Tests\NSA_DRIT.Tests.csproj", "{45A7454A-F45B-C8B7-15E0-1DA217E156D5}"
EndProject
Project("{FAE04EC0-301F-11D3-BF4B-00C04F79EFBC}") = "NSA_DRIT.UI", "NSA_DRIT.UI\NSA_DRIT.UI.csproj", "{894F3ECA-ECC7-499F-1683-63EF084BB1CF}"
EndProject
Project("{2150E333-8FDC-42A3-9474-1A3956D46DE8}") = "BPX", "BPX", "{725D10C2-7D09-4B3C-8386-F675AD3CD07F}"
EndProject
Project("{2150E333-8FDC-42A3-9474-1A3956D46DE8}") = "DRIT", "DRIT", "{F246B586-21B1-4E2E-8581-9E2D86808BCE}"
EndProject
Project("{2150E333-8FDC-42A3-9474-1A3956D46DE8}") = "InSolutions", "InSolutions", "{B29610F8-43D1-4748-81A3-BD5D0EC10488}"
EndProject
Global
	GlobalSection(SolutionConfigurationPlatforms) = preSolution
		Debug|Any CPU = Debug|Any CPU
		Release|Any CPU = Release|Any CPU
	EndGlobalSection
	GlobalSection(ProjectConfigurationPlatforms) = postSolution
		{69EAE578-D691-6577-D543-E8D38D5AEB11}.Debug|Any CPU.ActiveCfg = Debug|Any CPU
		{69EAE578-D691-6577-D543-E8D38D5AEB11}.Debug|Any CPU.Build.0 = Debug|Any CPU
		{69EAE578-D691-6577-D543-E8D38D5AEB11}.Release|Any CPU.ActiveCfg = Release|Any CPU
		{69EAE578-D691-6577-D543-E8D38D5AEB11}.Release|Any CPU.Build.0 = Release|Any CPU
		{B517515F-8FBA-E1F1-553F-F4BF45B3B626}.Debug|Any CPU.ActiveCfg = Debug|Any CPU
		{B517515F-8FBA-E1F1-553F-F4BF45B3B626}.Debug|Any CPU.Build.0 = Debug|Any CPU
		{B517515F-8FBA-E1F1-553F-F4BF45B3B626}.Release|Any CPU.ActiveCfg = Release|Any CPU
		{B517515F-8FBA-E1F1-553F-F4BF45B3B626}.Release|Any CPU.Build.0 = Release|Any CPU
		{1954136D-0C97-17D3-8EE2-C45A02EEDECE}.Debug|Any CPU.ActiveCfg = Debug|Any CPU
		{1954136D-0C97-17D3-8EE2-C45A02EEDECE}.Debug|Any CPU.Build.0 = Debug|Any CPU
		{1954136D-0C97-17D3-8EE2-C45A02EEDECE}.Release|Any CPU.ActiveCfg = Release|Any CPU
		{1954136D-0C97-17D3-8EE2-C45A02EEDECE}.Release|Any CPU.Build.0 = Release|Any CPU
		{25A2649F-97F1-E63E-39F3-95EAE3B89DE8}.Debug|Any CPU.ActiveCfg = Debug|Any CPU
		{25A2649F-97F1-E63E-39F3-95EAE3B89DE8}.Debug|Any CPU.Build.0 = Debug|Any CPU
		{25A2649F-97F1-E63E-39F3-95EAE3B89DE8}.Release|Any CPU.ActiveCfg = Release|Any CPU
		{25A2649F-97F1-E63E-39F3-95EAE3B89DE8}.Release|Any CPU.Build.0 = Release|Any CPU
		{E6E27289-2E76-AD12-361A-D1F4520674B0}.Debug|Any CPU.ActiveCfg = Debug|Any CPU
		{E6E27289-2E76-AD12-361A-D1F4520674B0}.Debug|Any CPU.Build.0 = Debug|Any CPU
		{E6E27289-2E76-AD12-361A-D1F4520674B0}.Release|Any CPU.ActiveCfg = Release|Any CPU
		{E6E27289-2E76-AD12-361A-D1F4520674B0}.Release|Any CPU.Build.0 = Release|Any CPU
		{B98D4176-77C0-CAAC-B161-DE312CCF6C53}.Debug|Any CPU.ActiveCfg = Debug|Any CPU
		{B98D4176-77C0-CAAC-B161-DE312CCF6C53}.Debug|Any CPU.Build.0 = Debug|Any CPU
		{B98D4176-77C0-CAAC-B161-DE312CCF6C53}.Release|Any CPU.ActiveCfg = Release|Any CPU
		{B98D4176-77C0-CAAC-B161-DE312CCF6C53}.Release|Any CPU.Build.0 = Release|Any CPU
		{21E740BD-82D6-10E1-6AEB-72531E167E8E}.Debug|Any CPU.ActiveCfg = Debug|Any CPU
		{21E740BD-82D6-10E1-6AEB-72531E167E8E}.Debug|Any CPU.Build.0 = Debug|Any CPU
		{21E740BD-82D6-10E1-6AEB-72531E167E8E}.Release|Any CPU.ActiveCfg = Release|Any CPU
		{21E740BD-82D6-10E1-6AEB-72531E167E8E}.Release|Any CPU.Build.0 = Release|Any CPU
		{45A7454A-F45B-C8B7-15E0-1DA217E156D5}.Debug|Any CPU.ActiveCfg = Debug|Any CPU
		{45A7454A-F45B-C8B7-15E0-1DA217E156D5}.Debug|Any CPU.Build.0 = Debug|Any CPU
		{45A7454A-F45B-C8B7-15E0-1DA217E156D5}.Release|Any CPU.ActiveCfg = Release|Any CPU
		{45A7454A-F45B-C8B7-15E0-1DA217E156D5}.Release|Any CPU.Build.0 = Release|Any CPU
		{894F3ECA-ECC7-499F-1683-63EF084BB1CF}.Debug|Any CPU.ActiveCfg = Debug|Any CPU
		{894F3ECA-ECC7-499F-1683-63EF084BB1CF}.Debug|Any CPU.Build.0 = Debug|Any CPU
		{894F3ECA-ECC7-499F-1683-63EF084BB1CF}.Release|Any CPU.ActiveCfg = Release|Any CPU
		{894F3ECA-ECC7-499F-1683-63EF084BB1CF}.Release|Any CPU.Build.0 = Release|Any CPU
	EndGlobalSection
	GlobalSection(SolutionProperties) = preSolution
		HideSolutionNode = FALSE
	EndGlobalSection
	GlobalSection(NestedProjects) = preSolution
		{69EAE578-D691-6577-D543-E8D38D5AEB11} = {725D10C2-7D09-4B3C-8386-F675AD3CD07F}
		{B517515F-8FBA-E1F1-553F-F4BF45B3B626} = {725D10C2-7D09-4B3C-8386-F675AD3CD07F}
		{1954136D-0C97-17D3-8EE2-C45A02EEDECE} = {725D10C2-7D09-4B3C-8386-F675AD3CD07F}
		{25A2649F-97F1-E63E-39F3-95EAE3B89DE8} = {B29610F8-43D1-4748-81A3-BD5D0EC10488}
		{E6E27289-2E76-AD12-361A-D1F4520674B0} = {B29610F8-43D1-4748-81A3-BD5D0EC10488}
		{B98D4176-77C0-CAAC-B161-DE312CCF6C53} = {B29610F8-43D1-4748-81A3-BD5D0EC10488}
		{21E740BD-82D6-10E1-6AEB-72531E167E8E} = {F246B586-21B1-4E2E-8581-9E2D86808BCE}
		{45A7454A-F45B-C8B7-15E0-1DA217E156D5} = {F246B586-21B1-4E2E-8581-9E2D86808BCE}
		{894F3ECA-ECC7-499F-1683-63EF084BB1CF} = {F246B586-21B1-4E2E-8581-9E2D86808BCE}
	EndGlobalSection
	GlobalSection(ExtensibilityGlobals) = postSolution
		SolutionGuid = {1756FC03-73CB-441C-9B52-33D6742DFB39}
	EndGlobalSection
EndGlobal
